# This file is automatically @generated by Cargo.
# It is not intended for manual editing.
version = 4

[[package]]
name = "analyzed"
version = "0.1.0"
dependencies = [
 "analyzed-daemon",
 "analyzed-ipc",
 "analyzed-ra",
]

[[package]]
name = "analyzed-daemon"
version = "0.1.0"
dependencies = [
 "analyzed-ipc",
 "analyzed-ra",
]

[[package]]
name = "analyzed-ipc"
version = "0.1.0"

[[package]]
name = "analyzed-ra"
version = "0.1.0"
